{
  "nodes": {
    "nixos-local": {
      "flake": false,
      "locked": {
        "lastModified": 1777228870,
        "narHash": "sha256-U+xpb587zIeMjFE8cElFWuMDoSTFGvISZ1nilKZDmJc=",
        "path": "/etc/nixos-local",
        "type": "path"
      },
      "original": {
        "path": "/etc/nixos-local",
        "type": "path"
      }
    },
    "nixpkgs": {
      "locked": {
        "lastModified": 1776329215,
        "narHash": "sha256-a8BYi3mzoJ/AcJP8UldOx8emoPRLeWqALZWu4ZvjPXw=",
        "owner": "NixOS",
        "repo": "nixpkgs",
        "rev": "b86751bc4085f48661017fa226dee99fab6c651b",
        "type": "github"
      },
      "original": {
        "id": "nixpkgs",
        "type": "indirect"
      }
    },
    "qxchat-src": {
      "flake": false,
      "locked": {
        "lastModified": 1778112396,
        "narHash": "sha256-X6n8AGmwPSPo1MrPEggUcu0IOVsxozJzO7O2j84CExA=",
        "ref": "main",
        "rev": "22f4d7a679bead8065f4a67715b0a2209f70ef93",
        "revCount": 140,
        "submodules": true,
        "type": "git",
        "url": "https://github.com/lqxp/app.git"
      },
      "original": {
        "ref": "main",
        "submodules": true,
        "type": "git",
        "url": "https://github.com/lqxp/app.git"
      }
    },
    "root": {
      "inputs": {
        "nixos-local": "nixos-local",
        "nixpkgs": "nixpkgs",
        "qxchat-src": "qxchat-src",
        "zen-browser": "zen-browser"
      }
    },
    "zen-browser": {
      "inputs": {
        "nixpkgs": [
          "nixpkgs"
        ]
      },
      "locked": {
        "lastModified": 1777612697,
        "narHash": "sha256-h+tXBNMDrsKbD1UnYw0IeSIT4RalHtIJ1GLOviib7/8=",
        "owner": "youwen5",
        "repo": "zen-browser-flake",
        "rev": "f9f70d14f9a57c7962c5cfe589461c1391044448",
        "type": "github"
      },
      "original": {
        "owner": "youwen5",
        "repo": "zen-browser-flake",
        "type": "github"
      }
    }
  },
  "root": "root",
  "version": 7
}
