{
  "nodes": {
    "nix-flatpak": {
      "locked": {
        "lastModified": 1767983141,
        "narHash": "sha256-7ZCulYUD9RmJIDULTRkGLSW1faMpDlPKcbWJLYHoXcs=",
        "owner": "gmodena",
        "repo": "nix-flatpak",
        "rev": "440818969ac2cbd77bfe025e884d0aa528991374",
        "type": "github"
      },
      "original": {
        "owner": "gmodena",
        "ref": "latest",
        "repo": "nix-flatpak",
        "type": "github"
      }
    },
    "nixpkgs": {
      "locked": {
        "lastModified": 1790578696,
        "narHash": "sha256-ZoxIApko70jCdbH3l20HWXOBaT2HZd87orzd2yJ9dVE=",
        "owner": "NixOS",
        "repo": "nixpkgs",
        "rev": "7a0f122f5090cf4c2ade2a13a0e229d4e19ba71f",
        "type": "github"
      },
      "original": {
        "owner": "NixOS",
        "ref": "nixos-unstable",
        "repo": "nixpkgs",
        "type": "github"
      }
    },
    "qxchat-src": {
      "flake": false,
      "locked": {
        "lastModified": 1790588213,
        "narHash": "sha256-YljCvOdSGkkP68h73Nr+2RF6FM3u9cGq7qzr+N+P/08=",
        "ref": "main",
        "rev": "c6a17b7219feacddec6680446ed3b79770d6f7b2",
        "revCount": 569,
        "submodules": true,
        "type": "git",
        "url": "https://github.com/lqxp/app.git"
      },
      "original": {
        "ref": "main",
        "submodules": true,
        "type": "git",
        "url": "https://github.com/lqxp/app.git"
      }
    },
    "root": {
      "inputs": {
        "nix-flatpak": "nix-flatpak",
        "nixpkgs": "nixpkgs",
        "qxchat-src": "qxchat-src",
        "zen-browser": "zen-browser"
      }
    },
    "zen-browser": {
      "inputs": {
        "nixpkgs": [
          "nixpkgs"
        ]
      },
      "locked": {
        "lastModified": 1790240349,
        "narHash": "sha256-uMC3vdi/AdbRLsKCJle4VAIV9e3HEJhe4CZzvA0FXNw=",
        "owner": "youwen5",
        "repo": "zen-browser-flake",
        "rev": "6979f283e596eead5459a6f181dbb735a10c8588",
        "type": "github"
      },
      "original": {
        "owner": "youwen5",
        "repo": "zen-browser-flake",
        "type": "github"
      }
    }
  },
  "root": "root",
  "version": 7
}
