{
  "nodes": {
    "erosanix": {
      "inputs": {
        "flake-compat": "flake-compat",
        "nixpkgs": "nixpkgs"
      },
      "locked": {
        "lastModified": 1790604985,
        "narHash": "sha256-NIaE3bTbRx6TtPOzpdCzH1B2hEc6JWOBUIszyQa35sM=",
        "owner": "emmanuelrosa",
        "repo": "erosanix",
        "rev": "06e3ef7a1a1f3f9ed0804ffa5e6b7b3bea11ceaa",
        "type": "github"
      },
      "original": {
        "owner": "emmanuelrosa",
        "repo": "erosanix",
        "type": "github"
      }
    },
    "flake-compat": {
      "flake": false,
      "locked": {
        "lastModified": 1777728799,
        "narHash": "sha256-z7jjYQqhkFKab92VQ3duB7QVO7f7Y62qTFrJYXO/lyo=",
        "owner": "edolstra",
        "repo": "flake-compat",
        "rev": "4b2287113c2f9a2331c04899b2e2e5ab92dea9c5",
        "type": "github"
      },
      "original": {
        "owner": "edolstra",
        "repo": "flake-compat",
        "type": "github"
      }
    },
    "nixpkgs": {
      "locked": {
        "lastModified": 1789563672,
        "narHash": "sha256-05W7P4/pqgpliOA/HyZM6IkKd6ojI8L5X/x9tgthckI=",
        "owner": "NixOS",
        "repo": "nixpkgs",
        "rev": "88142f2dc8f2727eec89047694ec8000f92ce542",
        "type": "github"
      },
      "original": {
        "owner": "NixOS",
        "ref": "master",
        "repo": "nixpkgs",
        "type": "github"
      }
    },
    "nixpkgs_2": {
      "locked": {
        "lastModified": 1790689126,
        "narHash": "sha256-ilerN1WLSvF+HMjziC/Wv99J5y02maDH+6hZPwsORKg=",
        "owner": "NixOS",
        "repo": "nixpkgs",
        "rev": "b4fd65b198c599cbe814fcb9f42d25d021595ec9",
        "type": "github"
      },
      "original": {
        "owner": "NixOS",
        "ref": "nixos-unstable",
        "repo": "nixpkgs",
        "type": "github"
      }
    },
    "nixpkgs_3": {
      "locked": {
        "lastModified": 1778580735,
        "narHash": "sha256-t+8AVV8ExvOmslz2sLIgw/hJBKlyl65rJvxjvvjHgpE=",
        "owner": "NixOS",
        "repo": "nixpkgs",
        "rev": "48d91f2c0ce7b9e589f967d4f685153dd765dcdd",
        "type": "github"
      },
      "original": {
        "owner": "NixOS",
        "ref": "nixpkgs-unstable",
        "repo": "nixpkgs",
        "type": "github"
      }
    },
    "qxchat-src": {
      "flake": false,
      "locked": {
        "lastModified": 1790688140,
        "narHash": "sha256-h581+pSiYJVC4SxB/ICJRxGRsviAqimN1/pM/tN0nnM=",
        "ref": "main",
        "rev": "8115535f9a872309df25d95daf1d70754fedf1b5",
        "revCount": 597,
        "submodules": true,
        "type": "git",
        "url": "https://github.com/lqxp/app.git"
      },
      "original": {
        "ref": "main",
        "submodules": true,
        "type": "git",
        "url": "https://github.com/lqxp/app.git"
      }
    },
    "root": {
      "inputs": {
        "erosanix": "erosanix",
        "nixpkgs": "nixpkgs_2",
        "qxchat-src": "qxchat-src",
        "tidaLuna": "tidaLuna",
        "zen-browser": "zen-browser"
      }
    },
    "tidaLuna": {
      "inputs": {
        "nixpkgs": "nixpkgs_3"
      },
      "locked": {
        "lastModified": 1790594230,
        "narHash": "sha256-auZKOshUyOH59NnAp/4spD58okyufb6reYgoEVeW3JI=",
        "owner": "Inrixia",
        "repo": "TidaLuna",
        "rev": "e1971122cf5db90c1e0b2bc98402ddcc9aa97e23",
        "type": "github"
      },
      "original": {
        "owner": "Inrixia",
        "repo": "TidaLuna",
        "type": "github"
      }
    },
    "zen-browser": {
      "inputs": {
        "nixpkgs": [
          "nixpkgs"
        ]
      },
      "locked": {
        "lastModified": 1790240349,
        "narHash": "sha256-uMC3vdi/AdbRLsKCJle4VAIV9e3HEJhe4CZzvA0FXNw=",
        "owner": "youwen5",
        "repo": "zen-browser-flake",
        "rev": "6979f283e596eead5459a6f181dbb735a10c8588",
        "type": "github"
      },
      "original": {
        "owner": "youwen5",
        "repo": "zen-browser-flake",
        "type": "github"
      }
    }
  },
  "root": "root",
  "version": 7
}
